{
  "lockfile_version": "1",
  "packages": {
    "git@latest": {
      "last_modified": "2026-03-02T11:03:52Z",
      "resolved": "github:NixOS/nixpkgs/dc7513872406b53d2ff417a003895d6daffdff2f#git",
      "source": "devbox-search",
      "version": "2.53.0",
      "systems": {
        "aarch64-darwin": {
          "outputs": [
            {
              "name": "out",
              "path": "/nix/store/rfbzyqcygzpyh5ncb79n07x8bhws2pq3-git-2.53.0",
              "default": true
            },
            {
              "name": "doc",
              "path": "/nix/store/lgbyzfz2j1j7g47331i5684765akl38m-git-2.53.0-doc"
            }
          ],
          "store_path": "/nix/store/rfbzyqcygzpyh5ncb79n07x8bhws2pq3-git-2.53.0"
        },
        "aarch64-linux": {
          "outputs": [
            {
              "name": "out",
              "path": "/nix/store/xz8bzpl5fz92bkhcdmf4g45znvvzcakd-git-2.53.0",
              "default": true
            },
            {
              "name": "debug",
              "path": "/nix/store/xr7sgggqixdji66nhax03lwmk25ms7af-git-2.53.0-debug"
            },
            {
              "name": "doc",
              "path": "/nix/store/lspm2ph3iad5y9irmh2wms6bm3nhhy76-git-2.53.0-doc"
            }
          ],
          "store_path": "/nix/store/xz8bzpl5fz92bkhcdmf4g45znvvzcakd-git-2.53.0"
        },
        "x86_64-darwin": {
          "outputs": [
            {
              "name": "out",
              "path": "/nix/store/bmddbpv896f9rgnm0835434qjiqh1psc-git-2.53.0",
              "default": true
            },
            {
              "name": "doc",
              "path": "/nix/store/0wx1wdjy7imyv7cp6p6m2l17ycq7n3q4-git-2.53.0-doc"
            }
          ],
          "store_path": "/nix/store/bmddbpv896f9rgnm0835434qjiqh1psc-git-2.53.0"
        },
        "x86_64-linux": {
          "outputs": [
            {
              "name": "out",
              "path": "/nix/store/8x49w8i0vafv34rlc6h4a0f7z0z2qpb5-git-2.53.0",
              "default": true
            },
            {
              "name": "debug",
              "path": "/nix/store/i9fi7yqx2z2dryn80w5pr4b1v4nmyida-git-2.53.0-debug"
            },
            {
              "name": "doc",
              "path": "/nix/store/frqc9w8q0dxsg7b8w3j0cv1lb9bd6xww-git-2.53.0-doc"
            }
          ],
          "store_path": "/nix/store/8x49w8i0vafv34rlc6h4a0f7z0z2qpb5-git-2.53.0"
        }
      }
    },
    "github:NixOS/nixpkgs/nixpkgs-unstable": {
      "last_modified": "2026-03-08T08:02:12Z",
      "resolved": "github:NixOS/nixpkgs/608d0cadfed240589a7eea422407a547ad626a14?lastModified=1772956932&narHash=sha256-M0yS4AafhKxPPmOHGqIV0iKxgNO8bHDWdl1kOwGBwRY%3D"
    },
    "go@latest": {
      "last_modified": "2026-02-23T15:40:43Z",
      "resolved": "github:NixOS/nixpkgs/80d901ec0377e19ac3f7bb8c035201e2e098cc97#go_1_26",
      "source": "devbox-search",
      "version": "1.26.0",
      "systems": {
        "aarch64-darwin": {
          "outputs": [
            {
              "name": "out",
              "path": "/nix/store/5ajixjk279m40yf6x96xxlnvw1wg6hq3-go-1.26.0",
              "default": true
            }
          ],
          "store_path": "/nix/store/5ajixjk279m40yf6x96xxlnvw1wg6hq3-go-1.26.0"
        },
        "aarch64-linux": {
          "outputs": [
            {
              "name": "out",
              "path": "/nix/store/b0ncnyjis5pfzm86pb0y3klgdw2gwyww-go-1.26.0",
              "default": true
            }
          ],
          "store_path": "/nix/store/b0ncnyjis5pfzm86pb0y3klgdw2gwyww-go-1.26.0"
        },
        "x86_64-darwin": {
          "outputs": [
            {
              "name": "out",
              "path": "/nix/store/kpr6dqdjixi0b1wh7phisqmzkxjw7ln7-go-1.26.0",
              "default": true
            }
          ],
          "store_path": "/nix/store/kpr6dqdjixi0b1wh7phisqmzkxjw7ln7-go-1.26.0"
        },
        "x86_64-linux": {
          "outputs": [
            {
              "name": "out",
              "path": "/nix/store/s9dwyyi8mk76wslsm6jl50ky9hd11pv3-go-1.26.0",
              "default": true
            }
          ],
          "store_path": "/nix/store/s9dwyyi8mk76wslsm6jl50ky9hd11pv3-go-1.26.0"
        }
      }
    },
    "golangci-lint@latest": {
      "last_modified": "2026-02-23T15:40:43Z",
      "resolved": "github:NixOS/nixpkgs/80d901ec0377e19ac3f7bb8c035201e2e098cc97#golangci-lint",
      "source": "devbox-search",
      "version": "2.10.1",
      "systems": {
        "aarch64-darwin": {
          "outputs": [
            {
              "name": "out",
              "path": "/nix/store/1rrjjclzxlr6f1ivb6l74vq1n1g1lki8-golangci-lint-2.10.1",
              "default": true
            }
          ],
          "store_path": "/nix/store/1rrjjclzxlr6f1ivb6l74vq1n1g1lki8-golangci-lint-2.10.1"
        },
        "aarch64-linux": {
          "outputs": [
            {
              "name": "out",
              "path": "/nix/store/ri4b9yqars42sc3hwwa5w81w91h13lm8-golangci-lint-2.10.1",
              "default": true
            }
          ],
          "store_path": "/nix/store/ri4b9yqars42sc3hwwa5w81w91h13lm8-golangci-lint-2.10.1"
        },
        "x86_64-darwin": {
          "outputs": [
            {
              "name": "out",
              "path": "/nix/store/qvvg1rv8b4m4qyvqh40zc4nfa72vyzlw-golangci-lint-2.10.1",
              "default": true
            }
          ],
          "store_path": "/nix/store/qvvg1rv8b4m4qyvqh40zc4nfa72vyzlw-golangci-lint-2.10.1"
        },
        "x86_64-linux": {
          "outputs": [
            {
              "name": "out",
              "path": "/nix/store/ziv6x93wkd587qji6z0648050g0r9qjn-golangci-lint-2.10.1",
              "default": true
            }
          ],
          "store_path": "/nix/store/ziv6x93wkd587qji6z0648050g0r9qjn-golangci-lint-2.10.1"
        }
      }
    },
    "just@latest": {
      "last_modified": "2026-02-23T15:40:43Z",
      "resolved": "github:NixOS/nixpkgs/80d901ec0377e19ac3f7bb8c035201e2e098cc97#just",
      "source": "devbox-search",
      "version": "1.46.0",
      "systems": {
        "aarch64-darwin": {
          "outputs": [
            {
              "name": "out",
              "path": "/nix/store/70xj73qsinvmbc3rn1rch3k0bk2ric41-just-1.46.0",
              "default": true
            },
            {
              "name": "man",
              "path": "/nix/store/0rf7kvb3b5pz82rwadn4xm8y77x2iy4q-just-1.46.0-man",
              "default": true
            },
            {
              "name": "doc",
              "path": "/nix/store/z9xkrp3wmnlhf9h9s1jsh4r23w9jnjj1-just-1.46.0-doc"
            }
          ],
          "store_path": "/nix/store/70xj73qsinvmbc3rn1rch3k0bk2ric41-just-1.46.0"
        },
        "aarch64-linux": {
          "outputs": [
            {
              "name": "out",
              "path": "/nix/store/429xi40vq2by0f8qibrj8w45n92mkhzf-just-1.46.0",
              "default": true
            },
            {
              "name": "man",
              "path": "/nix/store/sykdbhkkadkdgx0psdm3q1j2zpcqm7nn-just-1.46.0-man",
              "default": true
            },
            {
              "name": "doc",
              "path": "/nix/store/4qwqc5rhwj795kqk6385l97paqpvhlaf-just-1.46.0-doc"
            }
          ],
          "store_path": "/nix/store/429xi40vq2by0f8qibrj8w45n92mkhzf-just-1.46.0"
        },
        "x86_64-darwin": {
          "outputs": [
            {
              "name": "out",
              "path": "/nix/store/2ai2169px8hbs6ap7srh9240v7qarjrl-just-1.46.0",
              "default": true
            },
            {
              "name": "man",
              "path": "/nix/store/ii6487zmcpc6qf5v95pfw646f8smkf87-just-1.46.0-man",
              "default": true
            },
            {
              "name": "doc",
              "path": "/nix/store/7hjj4qlvv9kk7rwj3gwz7pyxy6sc8p74-just-1.46.0-doc"
            }
          ],
          "store_path": "/nix/store/2ai2169px8hbs6ap7srh9240v7qarjrl-just-1.46.0"
        },
        "x86_64-linux": {
          "outputs": [
            {
              "name": "out",
              "path": "/nix/store/x6bvf2yyik9jlp2bdsdh8hbzg4l9sd49-just-1.46.0",
              "default": true
            },
            {
              "name": "man",
              "path": "/nix/store/n15hvaaz1fmrl0fgypqr04yj6mj825rw-just-1.46.0-man",
              "default": true
            },
            {
              "name": "doc",
              "path": "/nix/store/hd32nmf13rby52cd7g5gw6f3p2ghnrhl-just-1.46.0-doc"
            }
          ],
          "store_path": "/nix/store/x6bvf2yyik9jlp2bdsdh8hbzg4l9sd49-just-1.46.0"
        }
      }
    },
    "prek@latest": {
      "last_modified": "2026-02-27T06:27:13Z",
      "resolved": "github:NixOS/nixpkgs/c0f3d81a7ddbc2b1332be0d8481a672b4f6004d6#prek",
      "source": "devbox-search",
      "version": "0.3.0",
      "systems": {
        "aarch64-darwin": {
          "outputs": [
            {
              "name": "out",
              "path": "/nix/store/227icwp3g1zpw31axsg8jcq0ldxwsmyn-prek-0.3.0",
              "default": true
            }
          ],
          "store_path": "/nix/store/227icwp3g1zpw31axsg8jcq0ldxwsmyn-prek-0.3.0"
        },
        "aarch64-linux": {
          "outputs": [
            {
              "name": "out",
              "path": "/nix/store/dpnyq93dp3sx0h2l4dxkcxin0266pw04-prek-0.3.0",
              "default": true
            }
          ],
          "store_path": "/nix/store/dpnyq93dp3sx0h2l4dxkcxin0266pw04-prek-0.3.0"
        },
        "x86_64-darwin": {
          "outputs": [
            {
              "name": "out",
              "path": "/nix/store/d26lb1m8wdqsi6nnaz298yhzja5s17d1-prek-0.3.0",
              "default": true
            }
          ],
          "store_path": "/nix/store/d26lb1m8wdqsi6nnaz298yhzja5s17d1-prek-0.3.0"
        },
        "x86_64-linux": {
          "outputs": [
            {
              "name": "out",
              "path": "/nix/store/lask94lpdm3lx3bnyw6cgnzkgmlxc5vc-prek-0.3.0",
              "default": true
            }
          ],
          "store_path": "/nix/store/lask94lpdm3lx3bnyw6cgnzkgmlxc5vc-prek-0.3.0"
        }
      }
    }
  }
}
