{
  "lockfile_version": "1",
  "packages": {
    "git@latest": {
      "last_modified": "2026-03-21T07:29:51Z",
      "resolved": "github:NixOS/nixpkgs/09061f748ee21f68a089cd5d91ec1859cd93d0be#git",
      "source": "devbox-search",
      "version": "2.53.0",
      "systems": {
        "aarch64-darwin": {
          "outputs": [
            {
              "name": "out",
              "path": "/nix/store/6qbj40r0s289k5slmy8yna5x2hfz01wg-git-2.53.0",
              "default": true
            },
            {
              "name": "doc",
              "path": "/nix/store/xp9w7bcl4c78268kn82qdayqglj0zdxa-git-2.53.0-doc"
            }
          ],
          "store_path": "/nix/store/6qbj40r0s289k5slmy8yna5x2hfz01wg-git-2.53.0"
        },
        "aarch64-linux": {
          "outputs": [
            {
              "name": "out",
              "path": "/nix/store/0vbb6j0ppx1w8cw28h7w8s2dzla9j3m6-git-2.53.0",
              "default": true
            },
            {
              "name": "debug",
              "path": "/nix/store/gaj4q67pid2pcy9nvh2ysv4728wxj5m4-git-2.53.0-debug"
            },
            {
              "name": "doc",
              "path": "/nix/store/9mrg9g0w2b4cfdppq3n4zvhkvyixvqpx-git-2.53.0-doc"
            }
          ],
          "store_path": "/nix/store/0vbb6j0ppx1w8cw28h7w8s2dzla9j3m6-git-2.53.0"
        },
        "x86_64-darwin": {
          "outputs": [
            {
              "name": "out",
              "path": "/nix/store/2q2hzaclp1rsj65h21lng7wa26vawhnq-git-2.53.0",
              "default": true
            },
            {
              "name": "doc",
              "path": "/nix/store/yi2mi426la2x7rggv0a0ah11s2dangz4-git-2.53.0-doc"
            }
          ],
          "store_path": "/nix/store/2q2hzaclp1rsj65h21lng7wa26vawhnq-git-2.53.0"
        },
        "x86_64-linux": {
          "outputs": [
            {
              "name": "out",
              "path": "/nix/store/7yvcckar1lzhqnr0xx2n19nsdjd4qa4d-git-2.53.0",
              "default": true
            },
            {
              "name": "debug",
              "path": "/nix/store/9xs1n97fsdbgnk8cxbdx3hqlz6fdaynb-git-2.53.0-debug"
            },
            {
              "name": "doc",
              "path": "/nix/store/rv7cz5lz1qmbdnh3zrpv0j0wa5ivaacq-git-2.53.0-doc"
            }
          ],
          "store_path": "/nix/store/7yvcckar1lzhqnr0xx2n19nsdjd4qa4d-git-2.53.0"
        }
      }
    },
    "github:NixOS/nixpkgs/nixpkgs-unstable": {
      "last_modified": "2026-04-07T01:34:01Z",
      "resolved": "github:NixOS/nixpkgs/dc72a9d2282085d97d5a2cc8e7103a68ed4de188?lastModified=1775525641&narHash=sha256-rM50ZJFuc9ePeWX7mgkX3jyqIlJoAdhyGsz5d2xhaTk%3D"
    },
    "go@latest": {
      "last_modified": "2026-03-21T07:29:51Z",
      "resolved": "github:NixOS/nixpkgs/09061f748ee21f68a089cd5d91ec1859cd93d0be#go",
      "source": "devbox-search",
      "version": "1.26.1",
      "systems": {
        "aarch64-darwin": {
          "outputs": [
            {
              "name": "out",
              "path": "/nix/store/kh43nhaz1qcpwws2xq805lrmwpmn9i3k-go-1.26.1",
              "default": true
            }
          ],
          "store_path": "/nix/store/kh43nhaz1qcpwws2xq805lrmwpmn9i3k-go-1.26.1"
        },
        "aarch64-linux": {
          "outputs": [
            {
              "name": "out",
              "path": "/nix/store/rz1pqbm5z3zfby250i0djfmfzzj7khg9-go-1.26.1",
              "default": true
            }
          ],
          "store_path": "/nix/store/rz1pqbm5z3zfby250i0djfmfzzj7khg9-go-1.26.1"
        },
        "x86_64-darwin": {
          "outputs": [
            {
              "name": "out",
              "path": "/nix/store/yv6jj27racylbfjw6a1cdr91ndxbgyf6-go-1.26.1",
              "default": true
            }
          ],
          "store_path": "/nix/store/yv6jj27racylbfjw6a1cdr91ndxbgyf6-go-1.26.1"
        },
        "x86_64-linux": {
          "outputs": [
            {
              "name": "out",
              "path": "/nix/store/ckcq2mj8zk0drhaaacy6mp9d924hnr4m-go-1.26.1",
              "default": true
            }
          ],
          "store_path": "/nix/store/ckcq2mj8zk0drhaaacy6mp9d924hnr4m-go-1.26.1"
        }
      }
    },
    "golangci-lint@latest": {
      "last_modified": "2026-03-27T11:17:38Z",
      "resolved": "github:NixOS/nixpkgs/832efc09b4caf6b4569fbf9dc01bec3082a00611#golangci-lint",
      "source": "devbox-search",
      "version": "2.11.4",
      "systems": {
        "aarch64-darwin": {
          "outputs": [
            {
              "name": "out",
              "path": "/nix/store/zjhq23zqjjlyclylkwvny6s7qzcq56n4-golangci-lint-2.11.4",
              "default": true
            }
          ],
          "store_path": "/nix/store/zjhq23zqjjlyclylkwvny6s7qzcq56n4-golangci-lint-2.11.4"
        },
        "aarch64-linux": {
          "outputs": [
            {
              "name": "out",
              "path": "/nix/store/6rnv5q31z65m0cx0gsclybizgly224r8-golangci-lint-2.11.4",
              "default": true
            }
          ],
          "store_path": "/nix/store/6rnv5q31z65m0cx0gsclybizgly224r8-golangci-lint-2.11.4"
        },
        "x86_64-darwin": {
          "outputs": [
            {
              "name": "out",
              "path": "/nix/store/laj0sxwhanwj9nk8hnsqzsj1b141z2bm-golangci-lint-2.11.4",
              "default": true
            }
          ],
          "store_path": "/nix/store/laj0sxwhanwj9nk8hnsqzsj1b141z2bm-golangci-lint-2.11.4"
        },
        "x86_64-linux": {
          "outputs": [
            {
              "name": "out",
              "path": "/nix/store/j4w0z1lgrs4fdds7npk2bnby5ks612cf-golangci-lint-2.11.4",
              "default": true
            }
          ],
          "store_path": "/nix/store/j4w0z1lgrs4fdds7npk2bnby5ks612cf-golangci-lint-2.11.4"
        }
      }
    },
    "just@latest": {
      "last_modified": "2026-03-29T14:22:01Z",
      "resolved": "github:NixOS/nixpkgs/c397ef6af68c018462d786e1b65384abc472a907#just",
      "source": "devbox-search",
      "version": "1.48.1",
      "systems": {
        "aarch64-darwin": {
          "outputs": [
            {
              "name": "out",
              "path": "/nix/store/8nx997pz3x4s7arfkfnh05bxrhxihc7a-just-1.48.1",
              "default": true
            },
            {
              "name": "man",
              "path": "/nix/store/278r202r2x8vmfqazjvrqnwiddf46wv0-just-1.48.1-man",
              "default": true
            },
            {
              "name": "doc",
              "path": "/nix/store/nrmj28rpsyww5nrnmvh5lgv3fb9yy2z2-just-1.48.1-doc"
            }
          ],
          "store_path": "/nix/store/8nx997pz3x4s7arfkfnh05bxrhxihc7a-just-1.48.1"
        },
        "aarch64-linux": {
          "outputs": [
            {
              "name": "out",
              "path": "/nix/store/8bnqysi50wcgj096mc5ihgb30vg4bbrf-just-1.48.1",
              "default": true
            },
            {
              "name": "man",
              "path": "/nix/store/bmri1k5r4pdmkm9hpkzf2hiafhh2f1lj-just-1.48.1-man",
              "default": true
            },
            {
              "name": "doc",
              "path": "/nix/store/sk2qhnjinhdyvw4b3rjsprxdq0g624fp-just-1.48.1-doc"
            }
          ],
          "store_path": "/nix/store/8bnqysi50wcgj096mc5ihgb30vg4bbrf-just-1.48.1"
        },
        "x86_64-darwin": {
          "outputs": [
            {
              "name": "out",
              "path": "/nix/store/5j82p8hwpw17g16hwrzhdpnc03lqq41q-just-1.48.1",
              "default": true
            },
            {
              "name": "man",
              "path": "/nix/store/xjs7lj8l07h8xjawpimbaybbpynpigvp-just-1.48.1-man",
              "default": true
            },
            {
              "name": "doc",
              "path": "/nix/store/gcb85apyfg5dr9dsl7d6bmniasbbjci7-just-1.48.1-doc"
            }
          ],
          "store_path": "/nix/store/5j82p8hwpw17g16hwrzhdpnc03lqq41q-just-1.48.1"
        },
        "x86_64-linux": {
          "outputs": [
            {
              "name": "out",
              "path": "/nix/store/yasj96m1zc22cd9mi6i2wgbznksk0ycj-just-1.48.1",
              "default": true
            },
            {
              "name": "man",
              "path": "/nix/store/rc0db27l2zffmga7n59cgj11lhr5jlkp-just-1.48.1-man",
              "default": true
            },
            {
              "name": "doc",
              "path": "/nix/store/jqgm95ji0j3372ijaq2xa1id01hswarj-just-1.48.1-doc"
            }
          ],
          "store_path": "/nix/store/yasj96m1zc22cd9mi6i2wgbznksk0ycj-just-1.48.1"
        }
      }
    },
    "prek@latest": {
      "last_modified": "2026-03-21T07:29:51Z",
      "resolved": "github:NixOS/nixpkgs/09061f748ee21f68a089cd5d91ec1859cd93d0be#prek",
      "source": "devbox-search",
      "version": "0.3.6",
      "systems": {
        "aarch64-darwin": {
          "outputs": [
            {
              "name": "out",
              "path": "/nix/store/g10bjnyjdi9whis7qvhhy9wkjc2qascb-prek-0.3.6",
              "default": true
            }
          ],
          "store_path": "/nix/store/g10bjnyjdi9whis7qvhhy9wkjc2qascb-prek-0.3.6"
        },
        "aarch64-linux": {
          "outputs": [
            {
              "name": "out",
              "path": "/nix/store/14sqygl15sl4nzv5m4zq49msk47r40c0-prek-0.3.6",
              "default": true
            }
          ],
          "store_path": "/nix/store/14sqygl15sl4nzv5m4zq49msk47r40c0-prek-0.3.6"
        },
        "x86_64-darwin": {
          "outputs": [
            {
              "name": "out",
              "path": "/nix/store/i7v77nqr7p8krkyn0vqh03rriyh1lrfm-prek-0.3.6",
              "default": true
            }
          ],
          "store_path": "/nix/store/i7v77nqr7p8krkyn0vqh03rriyh1lrfm-prek-0.3.6"
        },
        "x86_64-linux": {
          "outputs": [
            {
              "name": "out",
              "path": "/nix/store/wy413ccpy707n5n7wagrzd153hy81cz5-prek-0.3.6",
              "default": true
            }
          ],
          "store_path": "/nix/store/wy413ccpy707n5n7wagrzd153hy81cz5-prek-0.3.6"
        }
      }
    }
  }
}
