{
  "lockfile_version": "1",
  "packages": {
    "git@latest": {
      "last_modified": "2025-12-31T03:27:36Z",
      "resolved": "github:NixOS/nixpkgs/f665af0cdb70ed27e1bd8f9fdfecaf451260fc55#git",
      "source": "devbox-search",
      "version": "2.52.0",
      "systems": {
        "aarch64-darwin": {
          "outputs": [
            {
              "name": "out",
              "path": "/nix/store/1xy62wrp3m91snd3cazxgg0yrplb6sav-git-2.52.0",
              "default": true
            },
            {
              "name": "doc",
              "path": "/nix/store/1518yqnr4z0p65jfv8skw2qwc30ad5la-git-2.52.0-doc"
            }
          ],
          "store_path": "/nix/store/1xy62wrp3m91snd3cazxgg0yrplb6sav-git-2.52.0"
        },
        "aarch64-linux": {
          "outputs": [
            {
              "name": "out",
              "path": "/nix/store/mfbr42w740arf759n51nhki221lang5z-git-2.52.0",
              "default": true
            },
            {
              "name": "debug",
              "path": "/nix/store/q0lq2fczq1y9q9028k4ripf38mfy3n42-git-2.52.0-debug"
            },
            {
              "name": "doc",
              "path": "/nix/store/lm1plgvh8qlv0amm8wiz8l00ky298hws-git-2.52.0-doc"
            }
          ],
          "store_path": "/nix/store/mfbr42w740arf759n51nhki221lang5z-git-2.52.0"
        },
        "x86_64-darwin": {
          "outputs": [
            {
              "name": "out",
              "path": "/nix/store/0lxp1s4hb0xb0di1a5jg08rr8hk0cvz8-git-2.52.0",
              "default": true
            },
            {
              "name": "doc",
              "path": "/nix/store/a9903b6q3clvx61l8drkpr262fb5qmik-git-2.52.0-doc"
            }
          ],
          "store_path": "/nix/store/0lxp1s4hb0xb0di1a5jg08rr8hk0cvz8-git-2.52.0"
        },
        "x86_64-linux": {
          "outputs": [
            {
              "name": "out",
              "path": "/nix/store/fryiyyhhilpqhx2wc4b6l5gnxc8w18rg-git-2.52.0",
              "default": true
            },
            {
              "name": "debug",
              "path": "/nix/store/q6m51s4q8kddlh9b9rb63v1yqvlv3xgp-git-2.52.0-debug"
            },
            {
              "name": "doc",
              "path": "/nix/store/n4zq81winwf8d5y2ra7fjznwl6cnhggz-git-2.52.0-doc"
            }
          ],
          "store_path": "/nix/store/fryiyyhhilpqhx2wc4b6l5gnxc8w18rg-git-2.52.0"
        }
      }
    },
    "github:NixOS/nixpkgs/nixpkgs-unstable": {
      "last_modified": "2026-01-26T13:12:53Z",
      "resolved": "github:NixOS/nixpkgs/13b0f9e6ac78abbbb736c635d87845c4f4bee51b?lastModified=1769433173"
    },
    "go@latest": {
      "last_modified": "2025-12-31T03:27:36Z",
      "resolved": "github:NixOS/nixpkgs/f665af0cdb70ed27e1bd8f9fdfecaf451260fc55#go",
      "source": "devbox-search",
      "version": "1.25.5",
      "systems": {
        "aarch64-darwin": {
          "outputs": [
            {
              "name": "out",
              "path": "/nix/store/fy2aq0rg6vbiyjfdpqy3429hqsan7iwm-go-1.25.5",
              "default": true
            }
          ],
          "store_path": "/nix/store/fy2aq0rg6vbiyjfdpqy3429hqsan7iwm-go-1.25.5"
        },
        "aarch64-linux": {
          "outputs": [
            {
              "name": "out",
              "path": "/nix/store/30d96229dgrh6n6bmd4hn9r1hcngj9bn-go-1.25.5",
              "default": true
            }
          ],
          "store_path": "/nix/store/30d96229dgrh6n6bmd4hn9r1hcngj9bn-go-1.25.5"
        },
        "x86_64-darwin": {
          "outputs": [
            {
              "name": "out",
              "path": "/nix/store/wzakp2xy6if4n2b4fb1fkdjwilwlpifk-go-1.25.5",
              "default": true
            }
          ],
          "store_path": "/nix/store/wzakp2xy6if4n2b4fb1fkdjwilwlpifk-go-1.25.5"
        },
        "x86_64-linux": {
          "outputs": [
            {
              "name": "out",
              "path": "/nix/store/60z37432vmgkg54krwr1z057bqwp7583-go-1.25.5",
              "default": true
            }
          ],
          "store_path": "/nix/store/60z37432vmgkg54krwr1z057bqwp7583-go-1.25.5"
        }
      }
    },
    "golangci-lint@latest": {
      "last_modified": "2026-01-09T13:41:53Z",
      "resolved": "github:NixOS/nixpkgs/5f02c91314c8ba4afe83b256b023756412218535#golangci-lint",
      "source": "devbox-search",
      "version": "2.8.0",
      "systems": {
        "aarch64-darwin": {
          "outputs": [
            {
              "name": "out",
              "path": "/nix/store/b9iv68qcms160wlni9xn56s81cvqksgf-golangci-lint-2.8.0",
              "default": true
            }
          ],
          "store_path": "/nix/store/b9iv68qcms160wlni9xn56s81cvqksgf-golangci-lint-2.8.0"
        },
        "aarch64-linux": {
          "outputs": [
            {
              "name": "out",
              "path": "/nix/store/1yzy8ajvs3wj009j7al87hm6n0zwjd40-golangci-lint-2.8.0",
              "default": true
            }
          ],
          "store_path": "/nix/store/1yzy8ajvs3wj009j7al87hm6n0zwjd40-golangci-lint-2.8.0"
        },
        "x86_64-darwin": {
          "outputs": [
            {
              "name": "out",
              "path": "/nix/store/k17d2y5alkdd3p03haik3a3ksfaxh1fj-golangci-lint-2.8.0",
              "default": true
            }
          ],
          "store_path": "/nix/store/k17d2y5alkdd3p03haik3a3ksfaxh1fj-golangci-lint-2.8.0"
        },
        "x86_64-linux": {
          "outputs": [
            {
              "name": "out",
              "path": "/nix/store/643gpb6qyxjl9lcrfr8gvfck2rj9zabd-golangci-lint-2.8.0",
              "default": true
            }
          ],
          "store_path": "/nix/store/643gpb6qyxjl9lcrfr8gvfck2rj9zabd-golangci-lint-2.8.0"
        }
      }
    },
    "just@latest": {
      "last_modified": "2026-01-11T16:44:50Z",
      "resolved": "github:NixOS/nixpkgs/4d113fe1f7bb454435a5cabae6cd283e64191bb7#just",
      "source": "devbox-search",
      "version": "1.46.0",
      "systems": {
        "aarch64-darwin": {
          "outputs": [
            {
              "name": "out",
              "path": "/nix/store/vsv9adrq0irdx5cxlj16yjlym01pb58v-just-1.46.0",
              "default": true
            },
            {
              "name": "man",
              "path": "/nix/store/b3jskd4jbk1xy7gmhzhapmf0s3qfgjjv-just-1.46.0-man",
              "default": true
            },
            {
              "name": "doc",
              "path": "/nix/store/0lmvwpfys5fkjff8bf9zckzp137n0gjr-just-1.46.0-doc"
            }
          ],
          "store_path": "/nix/store/vsv9adrq0irdx5cxlj16yjlym01pb58v-just-1.46.0"
        },
        "aarch64-linux": {
          "outputs": [
            {
              "name": "out",
              "path": "/nix/store/5xvqd6914l6bq4chkvxhwpxmwsyjvk79-just-1.46.0",
              "default": true
            },
            {
              "name": "man",
              "path": "/nix/store/z87cf5g4gxnbzrswypw0c2vfq7cd7qs9-just-1.46.0-man",
              "default": true
            },
            {
              "name": "doc",
              "path": "/nix/store/jfakhs2ca94q913qv11i864hfgds32rn-just-1.46.0-doc"
            }
          ],
          "store_path": "/nix/store/5xvqd6914l6bq4chkvxhwpxmwsyjvk79-just-1.46.0"
        },
        "x86_64-darwin": {
          "outputs": [
            {
              "name": "out",
              "path": "/nix/store/a9x4nkvyiqnsbc5c7m4hxbdd66ppjvzp-just-1.46.0",
              "default": true
            },
            {
              "name": "man",
              "path": "/nix/store/ajl8m1jly6vnlgi7674slnas8hha5fzv-just-1.46.0-man",
              "default": true
            },
            {
              "name": "doc",
              "path": "/nix/store/fhrjjd4zlzkr1pb1a5581rc5rpzl83js-just-1.46.0-doc"
            }
          ],
          "store_path": "/nix/store/a9x4nkvyiqnsbc5c7m4hxbdd66ppjvzp-just-1.46.0"
        },
        "x86_64-linux": {
          "outputs": [
            {
              "name": "out",
              "path": "/nix/store/rjx80xk7ly0i4d6sflilvphpx9drqdgd-just-1.46.0",
              "default": true
            },
            {
              "name": "man",
              "path": "/nix/store/jlr7zha9axbwy8ccqs4h6myra019mhf3-just-1.46.0-man",
              "default": true
            },
            {
              "name": "doc",
              "path": "/nix/store/wy4s0z7rcizywylg9nbyklx07d7a8kxy-just-1.46.0-doc"
            }
          ],
          "store_path": "/nix/store/rjx80xk7ly0i4d6sflilvphpx9drqdgd-just-1.46.0"
        }
      }
    },
    "prek@latest": {
      "last_modified": "2026-01-19T00:39:23Z",
      "resolved": "github:NixOS/nixpkgs/bde09022887110deb780067364a0818e89258968#prek",
      "source": "devbox-search",
      "version": "0.2.30",
      "systems": {
        "aarch64-darwin": {
          "outputs": [
            {
              "name": "out",
              "path": "/nix/store/ml6g1bcc6swpawc2zxrikg4rn8i10zpk-prek-0.2.30",
              "default": true
            }
          ],
          "store_path": "/nix/store/ml6g1bcc6swpawc2zxrikg4rn8i10zpk-prek-0.2.30"
        },
        "aarch64-linux": {
          "outputs": [
            {
              "name": "out",
              "path": "/nix/store/0aw6iwi9v1gxynqj2ca60hvx0iz4brvn-prek-0.2.30",
              "default": true
            }
          ],
          "store_path": "/nix/store/0aw6iwi9v1gxynqj2ca60hvx0iz4brvn-prek-0.2.30"
        },
        "x86_64-darwin": {
          "outputs": [
            {
              "name": "out",
              "path": "/nix/store/wyc7ndyymzlv9ch067zpc5qg1v5ff78q-prek-0.2.30",
              "default": true
            }
          ],
          "store_path": "/nix/store/wyc7ndyymzlv9ch067zpc5qg1v5ff78q-prek-0.2.30"
        },
        "x86_64-linux": {
          "outputs": [
            {
              "name": "out",
              "path": "/nix/store/s53a74x7nbnkgfwig5dldppnlqmjx3sc-prek-0.2.30",
              "default": true
            }
          ],
          "store_path": "/nix/store/s53a74x7nbnkgfwig5dldppnlqmjx3sc-prek-0.2.30"
        }
      }
    }
  }
}
